// !$*UTF8*$!
{
	archiveVersion = 1;
	classes = {
	};
	objectVersion = 55;
	objects = {

/* Begin PBXBuildFile section */
		190189072835E701008E67E5 /* PokemonAPIprojectApp.swift in Sources */ = {isa = PBXBuildFile; fileRef = 190189062835E701008E67E5 /* PokemonAPIprojectApp.swift */; };
		190189092835E701008E67E5 /* ContentView.swift in Sources */ = {isa = PBXBuildFile; fileRef = 190189082835E701008E67E5 /* ContentView.swift */; };
		1901890B2835E701008E67E5 /* Assets.xcassets in Resources */ = {isa = PBXBuildFile; fileRef = 1901890A2835E701008E67E5 /* Assets.xcassets */; };
		1901890E2835E701008E67E5 /* Preview Assets.xcassets in Resources */ = {isa = PBXBuildFile; fileRef = 1901890D2835E701008E67E5 /* Preview Assets.xcassets */; };
		190189182835E702008E67E5 /* PokemonAPIprojectTests.swift in Sources */ = {isa = PBXBuildFile; fileRef = 190189172835E702008E67E5 /* PokemonAPIprojectTests.swift */; };
		190189222835E702008E67E5 /* PokemonAPIprojectUITests.swift in Sources */ = {isa = PBXBuildFile; fileRef = 190189212835E702008E67E5 /* PokemonAPIprojectUITests.swift */; };
		190189242835E702008E67E5 /* PokemonAPIprojectUITestsLaunchTests.swift in Sources */ = {isa = PBXBuildFile; fileRef = 190189232835E702008E67E5 /* PokemonAPIprojectUITestsLaunchTests.swift */; };
		190189332835E733008E67E5 /* pokemon.swift in Sources */ = {isa = PBXBuildFile; fileRef = 190189322835E733008E67E5 /* pokemon.swift */; };
		19A36CA9283C9AB6007B4E60 /* pokemonsamimage.swift in Sources */ = {isa = PBXBuildFile; fileRef = 19A36CA8283C9AB6007B4E60 /* pokemonsamimage.swift */; };
		19A36CAB283C9AD6007B4E60 /* PokemonSelected.swift in Sources */ = {isa = PBXBuildFile; fileRef = 19A36CAA283C9AD6007B4E60 /* PokemonSelected.swift */; };
		19A36CAD283C9B15007B4E60 /* Pokemondetailview.swift in Sources */ = {isa = PBXBuildFile; fileRef = 19A36CAC283C9B15007B4E60 /* Pokemondetailview.swift */; };
		19A36CAF283C9B2B007B4E60 /* Pokemonimage.swift in Sources */ = {isa = PBXBuildFile; fileRef = 19A36CAE283C9B2B007B4E60 /* Pokemonimage.swift */; };
/* End PBXBuildFile section */

/* Begin PBXContainerItemProxy section */
		190189142835E702008E67E5 /* PBXContainerItemProxy */ = {
			isa = PBXContainerItemProxy;
			containerPortal = 190188FB2835E701008E67E5 /* Project object */;
			proxyType = 1;
			remoteGlobalIDString = 190189022835E701008E67E5;
			remoteInfo = PokemonAPIproject;
		};
		1901891E2835E702008E67E5 /* PBXContainerItemProxy */ = {
			isa = PBXContainerItemProxy;
			containerPortal = 190188FB2835E701008E67E5 /* Project object */;
			proxyType = 1;
			remoteGlobalIDString = 190189022835E701008E67E5;
			remoteInfo = PokemonAPIproject;
		};
/* End PBXContainerItemProxy section */

/* Begin PBXFileReference section */
		190189032835E701008E67E5 /* PokemonAPIproject.app */ = {isa = PBXFileReference; explicitFileType = wrapper.application; includeInIndex = 0; path = PokemonAPIproject.app; sourceTree = BUILT_PRODUCTS_DIR; };
		190189062835E701008E67E5 /* PokemonAPIprojectApp.swift */ = {isa = PBXFileReference; lastKnownFileType = sourcecode.swift; path = PokemonAPIprojectApp.swift; sourceTree = "<group>"; };
		190189082835E701008E67E5 /* ContentView.swift */ = {isa = PBXFileReference; lastKnownFileType = sourcecode.swift; path = ContentView.swift; sourceTree = "<group>"; };
		1901890A2835E701008E67E5 /* Assets.xcassets */ = {isa = PBXFileReference; lastKnownFileType = folder.assetcatalog; path = Assets.xcassets; sourceTree = "<group>"; };
		1901890D2835E701008E67E5 /* Preview Assets.xcassets */ = {isa = PBXFileReference; lastKnownFileType = folder.assetcatalog; path = "Preview Assets.xcassets"; sourceTree = "<group>"; };
		190189132835E702008E67E5 /* PokemonAPIprojectTests.xctest */ = {isa = PBXFileReference; explicitFileType = wrapper.cfbundle; includeInIndex = 0; path = PokemonAPIprojectTests.xctest; sourceTree = BUILT_PRODUCTS_DIR; };
		190189172835E702008E67E5 /* PokemonAPIprojectTests.swift */ = {isa = PBXFileReference; lastKnownFileType = sourcecode.swift; path = PokemonAPIprojectTests.swift; sourceTree = "<group>"; };
		1901891D2835E702008E67E5 /* PokemonAPIprojectUITests.xctest */ = {isa = PBXFileReference; explicitFileType = wrapper.cfbundle; includeInIndex = 0; path = PokemonAPIprojectUITests.xctest; sourceTree = BUILT_PRODUCTS_DIR; };
		190189212835E702008E67E5 /* PokemonAPIprojectUITests.swift */ = {isa = PBXFileReference; lastKnownFileType = sourcecode.swift; path = PokemonAPIprojectUITests.swift; sourceTree = "<group>"; };
		190189232835E702008E67E5 /* PokemonAPIprojectUITestsLaunchTests.swift */ = {isa = PBXFileReference; lastKnownFileType = sourcecode.swift; path = PokemonAPIprojectUITestsLaunchTests.swift; sourceTree = "<group>"; };
		190189322835E733008E67E5 /* pokemon.swift */ = {isa = PBXFileReference; lastKnownFileType = sourcecode.swift; path = pokemon.swift; sourceTree = "<group>"; };
		19A36CA8283C9AB6007B4E60 /* pokemonsamimage.swift */ = {isa = PBXFileReference; lastKnownFileType = sourcecode.swift; path = pokemonsamimage.swift; sourceTree = "<group>"; };
		19A36CAA283C9AD6007B4E60 /* PokemonSelected.swift */ = {isa = PBXFileReference; lastKnownFileType = sourcecode.swift; path = PokemonSelected.swift; sourceTree = "<group>"; };
		19A36CAC283C9B15007B4E60 /* Pokemondetailview.swift */ = {isa = PBXFileReference; lastKnownFileType = sourcecode.swift; path = Pokemondetailview.swift; sourceTree = "<group>"; };
		19A36CAE283C9B2B007B4E60 /* Pokemonimage.swift */ = {isa = PBXFileReference; lastKnownFileType = sourcecode.swift; path = Pokemonimage.swift; sourceTree = "<group>"; };
		19A36CB0283CAA99007B4E60 /* Info.plist */ = {isa = PBXFileReference; lastKnownFileType = text.plist; path = Info.plist; sourceTree = "<group>"; };
/* End PBXFileReference section */

/* Begin PBXFrameworksBuildPhase section */
		190189002835E701008E67E5 /* Frameworks */ = {
			isa = PBXFrameworksBuildPhase;
			buildActionMask = 2147483647;
			files = (
			);
			runOnlyForDeploymentPostprocessing = 0;
		};
		190189102835E702008E67E5 /* Frameworks */ = {
			isa = PBXFrameworksBuildPhase;
			buildActionMask = 2147483647;
			files = (
			);
			runOnlyForDeploymentPostprocessing = 0;
		};
		1901891A2835E702008E67E5 /* Frameworks */ = {
			isa = PBXFrameworksBuildPhase;
			buildActionMask = 2147483647;
			files = (
			);
			runOnlyForDeploymentPostprocessing = 0;
		};
/* End PBXFrameworksBuildPhase section */

/* Begin PBXGroup section */
		190188FA2835E701008E67E5 = {
			isa = PBXGroup;
			children = (
				190189052835E701008E67E5 /* PokemonAPIproject */,
				190189162835E702008E67E5 /* PokemonAPIprojectTests */,
				190189202835E702008E67E5 /* PokemonAPIprojectUITests */,
				190189042835E701008E67E5 /* Products */,
			);
			sourceTree = "<group>";
		};
		190189042835E701008E67E5 /* Products */ = {
			isa = PBXGroup;
			children = (
				190189032835E701008E67E5 /* PokemonAPIproject.app */,
				190189132835E702008E67E5 /* PokemonAPIprojectTests.xctest */,
				1901891D2835E702008E67E5 /* PokemonAPIprojectUITests.xctest */,
			);
			name = Products;
			sourceTree = "<group>";
		};
		190189052835E701008E67E5 /* PokemonAPIproject */ = {
			isa = PBXGroup;
			children = (
				19A36CB0283CAA99007B4E60 /* Info.plist */,
				190189302835E71C008E67E5 /* Api */,
				190189312835E723008E67E5 /* Views */,
				190189062835E701008E67E5 /* PokemonAPIprojectApp.swift */,
				1901890A2835E701008E67E5 /* Assets.xcassets */,
				1901890C2835E701008E67E5 /* Preview Content */,
			);
			path = PokemonAPIproject;
			sourceTree = "<group>";
		};
		1901890C2835E701008E67E5 /* Preview Content */ = {
			isa = PBXGroup;
			children = (
				1901890D2835E701008E67E5 /* Preview Assets.xcassets */,
			);
			path = "Preview Content";
			sourceTree = "<group>";
		};
		190189162835E702008E67E5 /* PokemonAPIprojectTests */ = {
			isa = PBXGroup;
			children = (
				190189172835E702008E67E5 /* PokemonAPIprojectTests.swift */,
			);
			path = PokemonAPIprojectTests;
			sourceTree = "<group>";
		};
		190189202835E702008E67E5 /* PokemonAPIprojectUITests */ = {
			isa = PBXGroup;
			children = (
				190189212835E702008E67E5 /* PokemonAPIprojectUITests.swift */,
				190189232835E702008E67E5 /* PokemonAPIprojectUITestsLaunchTests.swift */,
			);
			path = PokemonAPIprojectUITests;
			sourceTree = "<group>";
		};
		190189302835E71C008E67E5 /* Api */ = {
			isa = PBXGroup;
			children = (
				190189322835E733008E67E5 /* pokemon.swift */,
				19A36CAA283C9AD6007B4E60 /* PokemonSelected.swift */,
				19A36CA8283C9AB6007B4E60 /* pokemonsamimage.swift */,
			);
			path = Api;
			sourceTree = "<group>";
		};
		190189312835E723008E67E5 /* Views */ = {
			isa = PBXGroup;
			children = (
				190189082835E701008E67E5 /* ContentView.swift */,
				19A36CAC283C9B15007B4E60 /* Pokemondetailview.swift */,
				19A36CAE283C9B2B007B4E60 /* Pokemonimage.swift */,
			);
			path = Views;
			sourceTree = "<group>";
		};
/* End PBXGroup section */

/* Begin PBXNativeTarget section */
		190189022835E701008E67E5 /* PokemonAPIproject */ = {
			isa = PBXNativeTarget;
			buildConfigurationList = 190189272835E702008E67E5 /* Build configuration list for PBXNativeTarget "PokemonAPIproject" */;
			buildPhases = (
				190188FF2835E701008E67E5 /* Sources */,
				190189002835E701008E67E5 /* Frameworks */,
				190189012835E701008E67E5 /* Resources */,
			);
			buildRules = (
			);
			dependencies = (
			);
			name = PokemonAPIproject;
			productName = PokemonAPIproject;
			productReference = 190189032835E701008E67E5 /* PokemonAPIproject.app */;
			productType = "com.apple.product-type.application";
		};
		190189122835E702008E67E5 /* PokemonAPIprojectTests */ = {
			isa = PBXNativeTarget;
			buildConfigurationList = 1901892A2835E702008E67E5 /* Build configuration list for PBXNativeTarget "PokemonAPIprojectTests" */;
			buildPhases = (
				1901890F2835E702008E67E5 /* Sources */,
				190189102835E702008E67E5 /* Frameworks */,
				190189112835E702008E67E5 /* Resources */,
			);
			buildRules = (
			);
			dependencies = (
				190189152835E702008E67E5 /* PBXTargetDependency */,
			);
			name = PokemonAPIprojectTests;
			productName = PokemonAPIprojectTests;
			productReference = 190189132835E702008E67E5 /* PokemonAPIprojectTests.xctest */;
			productType = "com.apple.product-type.bundle.unit-test";
		};
		1901891C2835E702008E67E5 /* PokemonAPIprojectUITests */ = {
			isa = PBXNativeTarget;
			buildConfigurationList = 1901892D2835E702008E67E5 /* Build configuration list for PBXNativeTarget "PokemonAPIprojectUITests" */;
			buildPhases = (
				190189192835E702008E67E5 /* Sources */,
				1901891A2835E702008E67E5 /* Frameworks */,
				1901891B2835E702008E67E5 /* Resources */,
			);
			buildRules = (
			);
			dependencies = (
				1901891F2835E702008E67E5 /* PBXTargetDependency */,
			);
			name = PokemonAPIprojectUITests;
			productName = PokemonAPIprojectUITests;
			productReference = 1901891D2835E702008E67E5 /* PokemonAPIprojectUITests.xctest */;
			productType = "com.apple.product-type.bundle.ui-testing";
		};
/* End PBXNativeTarget section */

/* Begin PBXProject section */
		190188FB2835E701008E67E5 /* Project object */ = {
			isa = PBXProject;
			attributes = {
				BuildIndependentTargetsInParallel = 1;
				LastSwiftUpdateCheck = 1330;
				LastUpgradeCheck = 1330;
				TargetAttributes = {
					190189022835E701008E67E5 = {
						CreatedOnToolsVersion = 13.3.1;
					};
					190189122835E702008E67E5 = {
						CreatedOnToolsVersion = 13.3.1;
						TestTargetID = 190189022835E701008E67E5;
					};
					1901891C2835E702008E67E5 = {
						CreatedOnToolsVersion = 13.3.1;
						TestTargetID = 190189022835E701008E67E5;
					};
				};
			};
			buildConfigurationList = 190188FE2835E701008E67E5 /* Build configuration list for PBXProject "PokemonAPIproject" */;
			compatibilityVersion = "Xcode 13.0";
			developmentRegion = en;
			hasScannedForEncodings = 0;
			knownRegions = (
				en,
				Base,
			);
			mainGroup = 190188FA2835E701008E67E5;
			productRefGroup = 190189042835E701008E67E5 /* Products */;
			projectDirPath = "";
			projectRoot = "";
			targets = (
				190189022835E701008E67E5 /* PokemonAPIproject */,
				190189122835E702008E67E5 /* PokemonAPIprojectTests */,
				1901891C2835E702008E67E5 /* PokemonAPIprojectUITests */,
			);
		};
/* End PBXProject section */

/* Begin PBXResourcesBuildPhase section */
		190189012835E701008E67E5 /* Resources */ = {
			isa = PBXResourcesBuildPhase;
			buildActionMask = 2147483647;
			files = (
				1901890E2835E701008E67E5 /* Preview Assets.xcassets in Resources */,
				1901890B2835E701008E67E5 /* Assets.xcassets in Resources */,
			);
			runOnlyForDeploymentPostprocessing = 0;
		};
		190189112835E702008E67E5 /* Resources */ = {
			isa = PBXResourcesBuildPhase;
			buildActionMask = 2147483647;
			files = (
			);
			runOnlyForDeploymentPostprocessing = 0;
		};
		1901891B2835E702008E67E5 /* Resources */ = {
			isa = PBXResourcesBuildPhase;
			buildActionMask = 2147483647;
			files = (
			);
			runOnlyForDeploymentPostprocessing = 0;
		};
/* End PBXResourcesBuildPhase section */

/* Begin PBXSourcesBuildPhase section */
		190188FF2835E701008E67E5 /* Sources */ = {
			isa = PBXSourcesBuildPhase;
			buildActionMask = 2147483647;
			files = (
				19A36CAB283C9AD6007B4E60 /* PokemonSelected.swift in Sources */,
				19A36CAD283C9B15007B4E60 /* Pokemondetailview.swift in Sources */,
				190189332835E733008E67E5 /* pokemon.swift in Sources */,
				19A36CA9283C9AB6007B4E60 /* pokemonsamimage.swift in Sources */,
				19A36CAF283C9B2B007B4E60 /* Pokemonimage.swift in Sources */,
				190189092835E701008E67E5 /* ContentView.swift in Sources */,
				190189072835E701008E67E5 /* PokemonAPIprojectApp.swift in Sources */,
			);
			runOnlyForDeploymentPostprocessing = 0;
		};
		1901890F2835E702008E67E5 /* Sources */ = {
			isa = PBXSourcesBuildPhase;
			buildActionMask = 2147483647;
			files = (
				190189182835E702008E67E5 /* PokemonAPIprojectTests.swift in Sources */,
			);
			runOnlyForDeploymentPostprocessing = 0;
		};
		190189192835E702008E67E5 /* Sources */ = {
			isa = PBXSourcesBuildPhase;
			buildActionMask = 2147483647;
			files = (
				190189222835E702008E67E5 /* PokemonAPIprojectUITests.swift in Sources */,
				190189242835E702008E67E5 /* PokemonAPIprojectUITestsLaunchTests.swift in Sources */,
			);
			runOnlyForDeploymentPostprocessing = 0;
		};
/* End PBXSourcesBuildPhase section */

/* Begin PBXTargetDependency section */
		190189152835E702008E67E5 /* PBXTargetDependency */ = {
			isa = PBXTargetDependency;
			target = 190189022835E701008E67E5 /* PokemonAPIproject */;
			targetProxy = 190189142835E702008E67E5 /* PBXContainerItemProxy */;
		};
		1901891F2835E702008E67E5 /* PBXTargetDependency */ = {
			isa = PBXTargetDependency;
			target = 190189022835E701008E67E5 /* PokemonAPIproject */;
			targetProxy = 1901891E2835E702008E67E5 /* PBXContainerItemProxy */;
		};
/* End PBXTargetDependency section */

/* Begin XCBuildConfiguration section */
		190189252835E702008E67E5 /* Debug */ = {
			isa = XCBuildConfiguration;
			buildSettings = {
				ALWAYS_SEARCH_USER_PATHS = NO;
				CLANG_ANALYZER_NONNULL = YES;
				CLANG_ANALYZER_NUMBER_OBJECT_CONVERSION = YES_AGGRESSIVE;
				CLANG_CXX_LANGUAGE_STANDARD = "gnu++17";
				CLANG_ENABLE_MODULES = YES;
				CLANG_ENABLE_OBJC_ARC = YES;
				CLANG_ENABLE_OBJC_WEAK = YES;
				CLANG_WARN_BLOCK_CAPTURE_AUTORELEASING = YES;
				CLANG_WARN_BOOL_CONVERSION = YES;
				CLANG_WARN_COMMA = YES;
				CLANG_WARN_CONSTANT_CONVERSION = YES;
				CLANG_WARN_DEPRECATED_OBJC_IMPLEMENTATIONS = YES;
				CLANG_WARN_DIRECT_OBJC_ISA_USAGE = YES_ERROR;
				CLANG_WARN_DOCUMENTATION_COMMENTS = YES;
				CLANG_WARN_EMPTY_BODY = YES;
				CLANG_WARN_ENUM_CONVERSION = YES;
				CLANG_WARN_INFINITE_RECURSION = YES;
				CLANG_WARN_INT_CONVERSION = YES;
				CLANG_WARN_NON_LITERAL_NULL_CONVERSION = YES;
				CLANG_WARN_OBJC_IMPLICIT_RETAIN_SELF = YES;
				CLANG_WARN_OBJC_LITERAL_CONVERSION = YES;
				CLANG_WARN_OBJC_ROOT_CLASS = YES_ERROR;
				CLANG_WARN_QUOTED_INCLUDE_IN_FRAMEWORK_HEADER = YES;
				CLANG_WARN_RANGE_LOOP_ANALYSIS = YES;
				CLANG_WARN_STRICT_PROTOTYPES = YES;
				CLANG_WARN_SUSPICIOUS_MOVE = YES;
				CLANG_WARN_UNGUARDED_AVAILABILITY = YES_AGGRESSIVE;
				CLANG_WARN_UNREACHABLE_CODE = YES;
				CLANG_WARN__DUPLICATE_METHOD_MATCH = YES;
				COPY_PHASE_STRIP = NO;
				DEBUG_INFORMATION_FORMAT = dwarf;
				ENABLE_STRICT_OBJC_MSGSEND = YES;
				ENABLE_TESTABILITY = YES;
				GCC_C_LANGUAGE_STANDARD = gnu11;
				GCC_DYNAMIC_NO_PIC = NO;
				GCC_NO_COMMON_BLOCKS = YES;
				GCC_OPTIMIZATION_LEVEL = 0;
				GCC_PREPROCESSOR_DEFINITIONS = (
					"DEBUG=1",
					"$(inherited)",
				);
				GCC_WARN_64_TO_32_BIT_CONVERSION = YES;
				GCC_WARN_ABOUT_RETURN_TYPE = YES_ERROR;
				GCC_WARN_UNDECLARED_SELECTOR = YES;
				GCC_WARN_UNINITIALIZED_AUTOS = YES_AGGRESSIVE;
				GCC_WARN_UNUSED_FUNCTION = YES;
				GCC_WARN_UNUSED_VARIABLE = YES;
				IPHONEOS_DEPLOYMENT_TARGET = 15.5;
				MTL_ENABLE_DEBUG_INFO = INCLUDE_SOURCE;
				MTL_FAST_MATH = YES;
				ONLY_ACTIVE_ARCH = YES;
				SDKROOT = iphoneos;
				SWIFT_ACTIVE_COMPILATION_CONDITIONS = DEBUG;
				SWIFT_OPTIMIZATION_LEVEL = "-Onone";
			};
			name = Debug;
		};
		190189262835E702008E67E5 /* Release */ = {
			isa = XCBuildConfiguration;
			buildSettings = {
				ALWAYS_SEARCH_USER_PATHS = NO;
				CLANG_ANALYZER_NONNULL = YES;
				CLANG_ANALYZER_NUMBER_OBJECT_CONVERSION = YES_AGGRESSIVE;
				CLANG_CXX_LANGUAGE_STANDARD = "gnu++17";
				CLANG_ENABLE_MODULES = YES;
				CLANG_ENABLE_OBJC_ARC = YES;
				CLANG_ENABLE_OBJC_WEAK = YES;
				CLANG_WARN_BLOCK_CAPTURE_AUTORELEASING = YES;
				CLANG_WARN_BOOL_CONVERSION = YES;
				CLANG_WARN_COMMA = YES;
				CLANG_WARN_CONSTANT_CONVERSION = YES;
				CLANG_WARN_DEPRECATED_OBJC_IMPLEMENTATIONS = YES;
				CLANG_WARN_DIRECT_OBJC_ISA_USAGE = YES_ERROR;
				CLANG_WARN_DOCUMENTATION_COMMENTS = YES;
				CLANG_WARN_EMPTY_BODY = YES;
				CLANG_WARN_ENUM_CONVERSION = YES;
				CLANG_WARN_INFINITE_RECURSION = YES;
				CLANG_WARN_INT_CONVERSION = YES;
				CLANG_WARN_NON_LITERAL_NULL_CONVERSION = YES;
				CLANG_WARN_OBJC_IMPLICIT_RETAIN_SELF = YES;
				CLANG_WARN_OBJC_LITERAL_CONVERSION = YES;
				CLANG_WARN_OBJC_ROOT_CLASS = YES_ERROR;
				CLANG_WARN_QUOTED_INCLUDE_IN_FRAMEWORK_HEADER = YES;
				CLANG_WARN_RANGE_LOOP_ANALYSIS = YES;
				CLANG_WARN_STRICT_PROTOTYPES = YES;
				CLANG_WARN_SUSPICIOUS_MOVE = YES;
				CLANG_WARN_UNGUARDED_AVAILABILITY = YES_AGGRESSIVE;
				CLANG_WARN_UNREACHABLE_CODE = YES;
				CLANG_WARN__DUPLICATE_METHOD_MATCH = YES;
				COPY_PHASE_STRIP = NO;
				DEBUG_INFORMATION_FORMAT = "dwarf-with-dsym";
				ENABLE_NS_ASSERTIONS = NO;
				ENABLE_STRICT_OBJC_MSGSEND = YES;
				GCC_C_LANGUAGE_STANDARD = gnu11;
				GCC_NO_COMMON_BLOCKS = YES;
				GCC_WARN_64_TO_32_BIT_CONVERSION = YES;
				GCC_WARN_ABOUT_RETURN_TYPE = YES_ERROR;
				GCC_WARN_UNDECLARED_SELECTOR = YES;
				GCC_WARN_UNINITIALIZED_AUTOS = YES_AGGRESSIVE;
				GCC_WARN_UNUSED_FUNCTION = YES;
				GCC_WARN_UNUSED_VARIABLE = YES;
				IPHONEOS_DEPLOYMENT_TARGET = 15.5;
				MTL_ENABLE_DEBUG_INFO = NO;
				MTL_FAST_MATH = YES;
				SDKROOT = iphoneos;
				SWIFT_COMPILATION_MODE = wholemodule;
				SWIFT_OPTIMIZATION_LEVEL = "-O";
				VALIDATE_PRODUCT = YES;
			};
			name = Release;
		};
		190189282835E702008E67E5 /* Debug */ = {
			isa = XCBuildConfiguration;
			buildSettings = {
				ASSETCATALOG_COMPILER_APPICON_NAME = AppIcon;
				ASSETCATALOG_COMPILER_GLOBAL_ACCENT_COLOR_NAME = AccentColor;
				CODE_SIGN_STYLE = Automatic;
				CURRENT_PROJECT_VERSION = 1;
				DEVELOPMENT_ASSET_PATHS = "\"PokemonAPIproject/Preview Content\"";
				DEVELOPMENT_TEAM = U9G7HV484L;
				ENABLE_PREVIEWS = YES;
				GENERATE_INFOPLIST_FILE = YES;
				INFOPLIST_FILE = PokemonAPIproject/Info.plist;
				INFOPLIST_KEY_UIApplicationSceneManifest_Generation = YES;
				INFOPLIST_KEY_UIApplicationSupportsIndirectInputEvents = YES;
				INFOPLIST_KEY_UILaunchScreen_Generation = YES;
				INFOPLIST_KEY_UISupportedInterfaceOrientations_iPad = "UIInterfaceOrientationPortrait UIInterfaceOrientationPortraitUpsideDown UIInterfaceOrientationLandscapeLeft UIInterfaceOrientationLandscapeRight";
				INFOPLIST_KEY_UISupportedInterfaceOrientations_iPhone = "UIInterfaceOrientationPortrait UIInterfaceOrientationLandscapeLeft UIInterfaceOrientationLandscapeRight";
				INFOPLIST_KEY_UIUserInterfaceStyle = Light;
				LD_RUNPATH_SEARCH_PATHS = (
					"$(inherited)",
					"@executable_path/Frameworks",
				);
				MARKETING_VERSION = 1.0;
				PRODUCT_BUNDLE_IDENTIFIER = asynchproject.PokemonAPIproject;
				PRODUCT_NAME = "$(TARGET_NAME)";
				SWIFT_EMIT_LOC_STRINGS = YES;
				SWIFT_VERSION = 5.0;
				TARGETED_DEVICE_FAMILY = "1,2";
			};
			name = Debug;
		};
		190189292835E702008E67E5 /* Release */ = {
			isa = XCBuildConfiguration;
			buildSettings = {
				ASSETCATALOG_COMPILER_APPICON_NAME = AppIcon;
				ASSETCATALOG_COMPILER_GLOBAL_ACCENT_COLOR_NAME = AccentColor;
				CODE_SIGN_STYLE = Automatic;
				CURRENT_PROJECT_VERSION = 1;
				DEVELOPMENT_ASSET_PATHS = "\"PokemonAPIproject/Preview Content\"";
				DEVELOPMENT_TEAM = U9G7HV484L;
				ENABLE_PREVIEWS = YES;
				GENERATE_INFOPLIST_FILE = YES;
				INFOPLIST_FILE = PokemonAPIproject/Info.plist;
				INFOPLIST_KEY_UIApplicationSceneManifest_Generation = YES;
				INFOPLIST_KEY_UIApplicationSupportsIndirectInputEvents = YES;
				INFOPLIST_KEY_UILaunchScreen_Generation = YES;
				INFOPLIST_KEY_UISupportedInterfaceOrientations_iPad = "UIInterfaceOrientationPortrait UIInterfaceOrientationPortraitUpsideDown UIInterfaceOrientationLandscapeLeft UIInterfaceOrientationLandscapeRight";
				INFOPLIST_KEY_UISupportedInterfaceOrientations_iPhone = "UIInterfaceOrientationPortrait UIInterfaceOrientationLandscapeLeft UIInterfaceOrientationLandscapeRight";
				INFOPLIST_KEY_UIUserInterfaceStyle = Light;
				LD_RUNPATH_SEARCH_PATHS = (
					"$(inherited)",
					"@executable_path/Frameworks",
				);
				MARKETING_VERSION = 1.0;
				PRODUCT_BUNDLE_IDENTIFIER = asynchproject.PokemonAPIproject;
				PRODUCT_NAME = "$(TARGET_NAME)";
				SWIFT_EMIT_LOC_STRINGS = YES;
				SWIFT_VERSION = 5.0;
				TARGETED_DEVICE_FAMILY = "1,2";
			};
			name = Release;
		};
		1901892B2835E702008E67E5 /* Debug */ = {
			isa = XCBuildConfiguration;
			buildSettings = {
				ALWAYS_EMBED_SWIFT_STANDARD_LIBRARIES = YES;
				BUNDLE_LOADER = "$(TEST_HOST)";
				CODE_SIGN_STYLE = Automatic;
				CURRENT_PROJECT_VERSION = 1;
				DEVELOPMENT_TEAM = U9G7HV484L;
				GENERATE_INFOPLIST_FILE = YES;
				IPHONEOS_DEPLOYMENT_TARGET = 15.4;
				MARKETING_VERSION = 1.0;
				PRODUCT_BUNDLE_IDENTIFIER = asynchproject.PokemonAPIprojectTests;
				PRODUCT_NAME = "$(TARGET_NAME)";
				SWIFT_EMIT_LOC_STRINGS = NO;
				SWIFT_VERSION = 5.0;
				TARGETED_DEVICE_FAMILY = "1,2";
				TEST_HOST = "$(BUILT_PRODUCTS_DIR)/PokemonAPIproject.app/PokemonAPIproject";
			};
			name = Debug;
		};
		1901892C2835E702008E67E5 /* Release */ = {
			isa = XCBuildConfiguration;
			buildSettings = {
				ALWAYS_EMBED_SWIFT_STANDARD_LIBRARIES = YES;
				BUNDLE_LOADER = "$(TEST_HOST)";
				CODE_SIGN_STYLE = Automatic;
				CURRENT_PROJECT_VERSION = 1;
				DEVELOPMENT_TEAM = U9G7HV484L;
				GENERATE_INFOPLIST_FILE = YES;
				IPHONEOS_DEPLOYMENT_TARGET = 15.4;
				MARKETING_VERSION = 1.0;
				PRODUCT_BUNDLE_IDENTIFIER = asynchproject.PokemonAPIprojectTests;
				PRODUCT_NAME = "$(TARGET_NAME)";
				SWIFT_EMIT_LOC_STRINGS = NO;
				SWIFT_VERSION = 5.0;
				TARGETED_DEVICE_FAMILY = "1,2";
				TEST_HOST = "$(BUILT_PRODUCTS_DIR)/PokemonAPIproject.app/PokemonAPIproject";
			};
			name = Release;
		};
		1901892E2835E702008E67E5 /* Debug */ = {
			isa = XCBuildConfiguration;
			buildSettings = {
				ALWAYS_EMBED_SWIFT_STANDARD_LIBRARIES = YES;
				CODE_SIGN_STYLE = Automatic;
				CURRENT_PROJECT_VERSION = 1;
				DEVELOPMENT_TEAM = U9G7HV484L;
				GENERATE_INFOPLIST_FILE = YES;
				MARKETING_VERSION = 1.0;
				PRODUCT_BUNDLE_IDENTIFIER = asynchproject.PokemonAPIprojectUITests;
				PRODUCT_NAME = "$(TARGET_NAME)";
				SWIFT_EMIT_LOC_STRINGS = NO;
				SWIFT_VERSION = 5.0;
				TARGETED_DEVICE_FAMILY = "1,2";
				TEST_TARGET_NAME = PokemonAPIproject;
			};
			name = Debug;
		};
		1901892F2835E702008E67E5 /* Release */ = {
			isa = XCBuildConfiguration;
			buildSettings = {
				ALWAYS_EMBED_SWIFT_STANDARD_LIBRARIES = YES;
				CODE_SIGN_STYLE = Automatic;
				CURRENT_PROJECT_VERSION = 1;
				DEVELOPMENT_TEAM = U9G7HV484L;
				GENERATE_INFOPLIST_FILE = YES;
				MARKETING_VERSION = 1.0;
				PRODUCT_BUNDLE_IDENTIFIER = asynchproject.PokemonAPIprojectUITests;
				PRODUCT_NAME = "$(TARGET_NAME)";
				SWIFT_EMIT_LOC_STRINGS = NO;
				SWIFT_VERSION = 5.0;
				TARGETED_DEVICE_FAMILY = "1,2";
				TEST_TARGET_NAME = PokemonAPIproject;
			};
			name = Release;
		};
/* End XCBuildConfiguration section */

/* Begin XCConfigurationList section */
		190188FE2835E701008E67E5 /* Build configuration list for PBXProject "PokemonAPIproject" */ = {
			isa = XCConfigurationList;
			buildConfigurations = (
				190189252835E702008E67E5 /* Debug */,
				190189262835E702008E67E5 /* Release */,
			);
			defaultConfigurationIsVisible = 0;
			defaultConfigurationName = Release;
		};
		190189272835E702008E67E5 /* Build configuration list for PBXNativeTarget "PokemonAPIproject" */ = {
			isa = XCConfigurationList;
			buildConfigurations = (
				190189282835E702008E67E5 /* Debug */,
				190189292835E702008E67E5 /* Release */,
			);
			defaultConfigurationIsVisible = 0;
			defaultConfigurationName = Release;
		};
		1901892A2835E702008E67E5 /* Build configuration list for PBXNativeTarget "PokemonAPIprojectTests" */ = {
			isa = XCConfigurationList;
			buildConfigurations = (
				1901892B2835E702008E67E5 /* Debug */,
				1901892C2835E702008E67E5 /* Release */,
			);
			defaultConfigurationIsVisible = 0;
			defaultConfigurationName = Release;
		};
		1901892D2835E702008E67E5 /* Build configuration list for PBXNativeTarget "PokemonAPIprojectUITests" */ = {
			isa = XCConfigurationList;
			buildConfigurations = (
				1901892E2835E702008E67E5 /* Debug */,
				1901892F2835E702008E67E5 /* Release */,
			);
			defaultConfigurationIsVisible = 0;
			defaultConfigurationName = Release;
		};
/* End XCConfigurationList section */
	};
	rootObject = 190188FB2835E701008E67E5 /* Project object */;
}
